// !$*UTF8*$!
{
	archiveVersion = 1;
	classes = {
	};
	objectVersion = 52;
	objects = {

/* Begin PBXBuildFile section */
		180F0B3D240DD1E600585676 /* UIView+Toast.m in Sources */ = {isa = PBXBuildFile; fileRef = 180F0B3C240DD1E600585676 /* UIView+Toast.m */; };
		182314F725C2062600B40D15 /* FileHandler.m in Sources */ = {isa = PBXBuildFile; fileRef = 182314F625C2062600B40D15 /* FileHandler.m */; };
		187D8E7B246B3123001F0B10 /* SurveyOfferView.xib in Resources */ = {isa = PBXBuildFile; fileRef = 187D8E7A246B3123001F0B10 /* SurveyOfferView.xib */; };
		187D8E81246B3A34001F0B10 /* SurveyOfferViewController.m in Sources */ = {isa = PBXBuildFile; fileRef = 187D8E80246B3A34001F0B10 /* SurveyOfferViewController.m */; };
		189364A22562DF2D00044B82 /* ExampleSurveyDelegate.m in Sources */ = {isa = PBXBuildFile; fileRef = 189364A12562DF2D00044B82 /* ExampleSurveyDelegate.m */; };
		189364A52562E2E200044B82 /* ExampleOfferDelegate.m in Sources */ = {isa = PBXBuildFile; fileRef = 189364A42562E2E200044B82 /* ExampleOfferDelegate.m */; };
		18F2FEFD25CC6114005F456C /* ExampleMessageDelegate.m in Sources */ = {isa = PBXBuildFile; fileRef = 18F2FEFC25CC6114005F456C /* ExampleMessageDelegate.m */; };
		7239634F20273F7300702509 /* ExternalAccessory.framework in Frameworks */ = {isa = PBXBuildFile; fileRef = 7239634E20273F7300702509 /* ExternalAccessory.framework */; };
		724E77E61EF14C6500271C2F /* main.m in Sources */ = {isa = PBXBuildFile; fileRef = 724E77E51EF14C6500271C2F /* main.m */; };
		724E77E91EF14C6500271C2F /* AppDelegate.m in Sources */ = {isa = PBXBuildFile; fileRef = 724E77E81EF14C6500271C2F /* AppDelegate.m */; };
		724E77EC1EF14C6500271C2F /* ViewController.m in Sources */ = {isa = PBXBuildFile; fileRef = 724E77EB1EF14C6500271C2F /* ViewController.m */; };
		724E77EF1EF14C6500271C2F /* Main.storyboard in Resources */ = {isa = PBXBuildFile; fileRef = 724E77ED1EF14C6500271C2F /* Main.storyboard */; };
		724E77F11EF14C6500271C2F /* Assets.xcassets in Resources */ = {isa = PBXBuildFile; fileRef = 724E77F01EF14C6500271C2F /* Assets.xcassets */; };
		724E77F41EF14C6500271C2F /* LaunchScreen.storyboard in Resources */ = {isa = PBXBuildFile; fileRef = 724E77F21EF14C6500271C2F /* LaunchScreen.storyboard */; };
		724E77FF1EF14CCE00271C2F /* AdSupport.framework in Frameworks */ = {isa = PBXBuildFile; fileRef = 724E77FE1EF14CCE00271C2F /* AdSupport.framework */; };
		724E78011EF14CD700271C2F /* CoreTelephony.framework in Frameworks */ = {isa = PBXBuildFile; fileRef = 724E78001EF14CD700271C2F /* CoreTelephony.framework */; };
		724E78031EF14CDE00271C2F /* Foundation.framework in Frameworks */ = {isa = PBXBuildFile; fileRef = 724E78021EF14CDE00271C2F /* Foundation.framework */; };
		724E78051EF14CE800271C2F /* JavaScriptCore.framework in Frameworks */ = {isa = PBXBuildFile; fileRef = 724E78041EF14CE700271C2F /* JavaScriptCore.framework */; };
		724E78071EF14CEE00271C2F /* Security.framework in Frameworks */ = {isa = PBXBuildFile; fileRef = 724E78061EF14CEE00271C2F /* Security.framework */; };
		724E78091EF14CF600271C2F /* SystemConfiguration.framework in Frameworks */ = {isa = PBXBuildFile; fileRef = 724E78081EF14CF600271C2F /* SystemConfiguration.framework */; };
		724E780B1EF14CFC00271C2F /* UIKit.framework in Frameworks */ = {isa = PBXBuildFile; fileRef = 724E780A1EF14CFC00271C2F /* UIKit.framework */; };
		724E780D1EF14D0300271C2F /* WebKit.framework in Frameworks */ = {isa = PBXBuildFile; fileRef = 724E780C1EF14D0300271C2F /* WebKit.framework */; settings = {ATTRIBUTES = (Required, ); }; };
		B50271A02641E563009FD7F4 /* UserNotifications.framework in Frameworks */ = {isa = PBXBuildFile; fileRef = B5EEBB2526275C9B003666CF /* UserNotifications.framework */; };
		B50271A12641E563009FD7F4 /* UserNotificationsUI.framework in Frameworks */ = {isa = PBXBuildFile; fileRef = B5EEBBB3262F7254003666CF /* UserNotificationsUI.framework */; };
		B50271A42641E564009FD7F4 /* NotificationViewController.swift in Sources */ = {isa = PBXBuildFile; fileRef = B50271A32641E564009FD7F4 /* NotificationViewController.swift */; };
		B50271A72641E564009FD7F4 /* MainInterface.storyboard in Resources */ = {isa = PBXBuildFile; fileRef = B50271A52641E564009FD7F4 /* MainInterface.storyboard */; };
		B50271AB2641E564009FD7F4 /* ExampleNotificationContentExtension.appex in Embed App Extensions */ = {isa = PBXBuildFile; fileRef = B502719F2641E563009FD7F4 /* ExampleNotificationContentExtension.appex */; settings = {ATTRIBUTES = (RemoveHeadersOnCopy, ); }; };
		B50271B8265446BF009FD7F4 /* UserWiseSDK.xcframework in Frameworks */ = {isa = PBXBuildFile; fileRef = B50271B6265446BF009FD7F4 /* UserWiseSDK.xcframework */; };
		B50271B9265446BF009FD7F4 /* UserWiseSDK.xcframework in Frameworks */ = {isa = PBXBuildFile; fileRef = B50271B6265446BF009FD7F4 /* UserWiseSDK.xcframework */; };
		B50271BA265446CE009FD7F4 /* UserWiseSDK.xcframework in Frameworks */ = {isa = PBXBuildFile; fileRef = B50271B6265446BF009FD7F4 /* UserWiseSDK.xcframework */; };
		B50271BB265446CE009FD7F4 /* UserWiseSDK.xcframework in Embed Frameworks */ = {isa = PBXBuildFile; fileRef = B50271B6265446BF009FD7F4 /* UserWiseSDK.xcframework */; settings = {ATTRIBUTES = (CodeSignOnCopy, RemoveHeadersOnCopy, ); }; };
		B5ACD65B26265164006ED502 /* GoogleService-Info.plist in Resources */ = {isa = PBXBuildFile; fileRef = B5ACD65A26265164006ED502 /* GoogleService-Info.plist */; };
		B5EEBB2626275C9B003666CF /* UserNotifications.framework in Frameworks */ = {isa = PBXBuildFile; fileRef = B5EEBB2526275C9B003666CF /* UserNotifications.framework */; };
		B5EEBBCC262F7A9A003666CF /* NotificationService.swift in Sources */ = {isa = PBXBuildFile; fileRef = B5EEBBCB262F7A9A003666CF /* NotificationService.swift */; };
		B5EEBBD0262F7A9A003666CF /* ExampleNotificationServiceExtension.appex in Embed App Extensions */ = {isa = PBXBuildFile; fileRef = B5EEBBC9262F7A9A003666CF /* ExampleNotificationServiceExtension.appex */; settings = {ATTRIBUTES = (RemoveHeadersOnCopy, ); }; };
		B5EEBBD7262F7D91003666CF /* sample.jpg in Resources */ = {isa = PBXBuildFile; fileRef = B5EEBBD6262F7D91003666CF /* sample.jpg */; };
		B5EEBBD9262F7D91003666CF /* sample.jpg in Resources */ = {isa = PBXBuildFile; fileRef = B5EEBBD6262F7D91003666CF /* sample.jpg */; };
		B5EEBBDF262F7DCD003666CF /* Assets.xcassets in Resources */ = {isa = PBXBuildFile; fileRef = 724E77F01EF14C6500271C2F /* Assets.xcassets */; };
/* End PBXBuildFile section */

/* Begin PBXContainerItemProxy section */
		B50271A92641E564009FD7F4 /* PBXContainerItemProxy */ = {
			isa = PBXContainerItemProxy;
			containerPortal = 724E77D91EF14C6500271C2F /* Project object */;
			proxyType = 1;
			remoteGlobalIDString = B502719E2641E563009FD7F4;
			remoteInfo = ExampleNotificationContentExtension;
		};
		B5EEBBCE262F7A9A003666CF /* PBXContainerItemProxy */ = {
			isa = PBXContainerItemProxy;
			containerPortal = 724E77D91EF14C6500271C2F /* Project object */;
			proxyType = 1;
			remoteGlobalIDString = B5EEBBC8262F7A9A003666CF;
			remoteInfo = ExampleNotificationServiceExtension;
		};
/* End PBXContainerItemProxy section */

/* Begin PBXCopyFilesBuildPhase section */
		18B8F29825BF63A1009DE6B3 /* Embed Frameworks */ = {
			isa = PBXCopyFilesBuildPhase;
			buildActionMask = 2147483647;
			dstPath = "";
			dstSubfolderSpec = 10;
			files = (
				B50271BB265446CE009FD7F4 /* UserWiseSDK.xcframework in Embed Frameworks */,
			);
			name = "Embed Frameworks";
			runOnlyForDeploymentPostprocessing = 0;
		};
		B5EEBBC2262F7254003666CF /* Embed App Extensions */ = {
			isa = PBXCopyFilesBuildPhase;
			buildActionMask = 2147483647;
			dstPath = "";
			dstSubfolderSpec = 13;
			files = (
				B50271AB2641E564009FD7F4 /* ExampleNotificationContentExtension.appex in Embed App Extensions */,
				B5EEBBD0262F7A9A003666CF /* ExampleNotificationServiceExtension.appex in Embed App Extensions */,
			);
			name = "Embed App Extensions";
			runOnlyForDeploymentPostprocessing = 0;
		};
/* End PBXCopyFilesBuildPhase section */

/* Begin PBXFileReference section */
		180F0B3B240DD1C400585676 /* UIView+Toast.h */ = {isa = PBXFileReference; lastKnownFileType = sourcecode.c.h; path = "UIView+Toast.h"; sourceTree = "<group>"; };
		180F0B3C240DD1E600585676 /* UIView+Toast.m */ = {isa = PBXFileReference; lastKnownFileType = sourcecode.c.objc; path = "UIView+Toast.m"; sourceTree = "<group>"; };
		182314F625C2062600B40D15 /* FileHandler.m */ = {isa = PBXFileReference; lastKnownFileType = sourcecode.c.objc; path = FileHandler.m; sourceTree = "<group>"; };
		182314F825C2063000B40D15 /* FileHandler.h */ = {isa = PBXFileReference; lastKnownFileType = sourcecode.c.h; path = FileHandler.h; sourceTree = "<group>"; };
		187D8E7A246B3123001F0B10 /* SurveyOfferView.xib */ = {isa = PBXFileReference; lastKnownFileType = file.xib; path = SurveyOfferView.xib; sourceTree = "<group>"; };
		187D8E7F246B3A34001F0B10 /* SurveyOfferViewController.h */ = {isa = PBXFileReference; lastKnownFileType = sourcecode.c.h; path = SurveyOfferViewController.h; sourceTree = "<group>"; };
		187D8E80246B3A34001F0B10 /* SurveyOfferViewController.m */ = {isa = PBXFileReference; lastKnownFileType = sourcecode.c.objc; path = SurveyOfferViewController.m; sourceTree = "<group>"; };
		18809DB724C0A22D00798FA2 /* AppTrackingTransparency.framework */ = {isa = PBXFileReference; lastKnownFileType = wrapper.framework; name = AppTrackingTransparency.framework; path = System/Library/Frameworks/AppTrackingTransparency.framework; sourceTree = SDKROOT; };
		189364A02562DE0D00044B82 /* ExampleSurveyDelegate.h */ = {isa = PBXFileReference; lastKnownFileType = sourcecode.c.h; path = ExampleSurveyDelegate.h; sourceTree = "<group>"; };
		189364A12562DF2D00044B82 /* ExampleSurveyDelegate.m */ = {isa = PBXFileReference; lastKnownFileType = sourcecode.c.objc; path = ExampleSurveyDelegate.m; sourceTree = "<group>"; };
		189364A42562E2E200044B82 /* ExampleOfferDelegate.m */ = {isa = PBXFileReference; lastKnownFileType = sourcecode.c.objc; path = ExampleOfferDelegate.m; sourceTree = "<group>"; };
		189364A62562E2F100044B82 /* ExampleOfferDelegate.h */ = {isa = PBXFileReference; lastKnownFileType = sourcecode.c.h; path = ExampleOfferDelegate.h; sourceTree = "<group>"; };
		18F2FEFB25CC6114005F456C /* ExampleMessageDelegate.h */ = {isa = PBXFileReference; fileEncoding = 4; lastKnownFileType = sourcecode.c.h; path = ExampleMessageDelegate.h; sourceTree = "<group>"; };
		18F2FEFC25CC6114005F456C /* ExampleMessageDelegate.m */ = {isa = PBXFileReference; fileEncoding = 4; lastKnownFileType = sourcecode.c.objc; path = ExampleMessageDelegate.m; sourceTree = "<group>"; };
		7239634E20273F7300702509 /* ExternalAccessory.framework */ = {isa = PBXFileReference; lastKnownFileType = wrapper.framework; name = ExternalAccessory.framework; path = System/Library/Frameworks/ExternalAccessory.framework; sourceTree = SDKROOT; };
		7239635020273F7300702509 /* UserWiseiOSExampleApp.entitlements */ = {isa = PBXFileReference; lastKnownFileType = text.plist.entitlements; path = UserWiseiOSExampleApp.entitlements; sourceTree = "<group>"; };
		724E77E11EF14C6500271C2F /* UserWise Demo App.app */ = {isa = PBXFileReference; explicitFileType = wrapper.application; includeInIndex = 0; path = "UserWise Demo App.app"; sourceTree = BUILT_PRODUCTS_DIR; };
		724E77E51EF14C6500271C2F /* main.m */ = {isa = PBXFileReference; lastKnownFileType = sourcecode.c.objc; path = main.m; sourceTree = "<group>"; };
		724E77E71EF14C6500271C2F /* AppDelegate.h */ = {isa = PBXFileReference; lastKnownFileType = sourcecode.c.h; path = AppDelegate.h; sourceTree = "<group>"; };
		724E77E81EF14C6500271C2F /* AppDelegate.m */ = {isa = PBXFileReference; lastKnownFileType = sourcecode.c.objc; path = AppDelegate.m; sourceTree = "<group>"; };
		724E77EA1EF14C6500271C2F /* ViewController.h */ = {isa = PBXFileReference; lastKnownFileType = sourcecode.c.h; path = ViewController.h; sourceTree = "<group>"; };
		724E77EB1EF14C6500271C2F /* ViewController.m */ = {isa = PBXFileReference; lastKnownFileType = sourcecode.c.objc; path = ViewController.m; sourceTree = "<group>"; };
		724E77EE1EF14C6500271C2F /* Base */ = {isa = PBXFileReference; lastKnownFileType = file.storyboard; name = Base; path = Base.lproj/Main.storyboard; sourceTree = "<group>"; };
		724E77F01EF14C6500271C2F /* Assets.xcassets */ = {isa = PBXFileReference; lastKnownFileType = folder.assetcatalog; path = Assets.xcassets; sourceTree = "<group>"; };
		724E77F31EF14C6500271C2F /* Base */ = {isa = PBXFileReference; lastKnownFileType = file.storyboard; name = Base; path = Base.lproj/LaunchScreen.storyboard; sourceTree = "<group>"; };
		724E77F51EF14C6500271C2F /* Info.plist */ = {isa = PBXFileReference; lastKnownFileType = text.plist.xml; path = Info.plist; sourceTree = "<group>"; };
		724E77FE1EF14CCE00271C2F /* AdSupport.framework */ = {isa = PBXFileReference; lastKnownFileType = wrapper.framework; name = AdSupport.framework; path = System/Library/Frameworks/AdSupport.framework; sourceTree = SDKROOT; };
		724E78001EF14CD700271C2F /* CoreTelephony.framework */ = {isa = PBXFileReference; lastKnownFileType = wrapper.framework; name = CoreTelephony.framework; path = System/Library/Frameworks/CoreTelephony.framework; sourceTree = SDKROOT; };
		724E78021EF14CDE00271C2F /* Foundation.framework */ = {isa = PBXFileReference; lastKnownFileType = wrapper.framework; name = Foundation.framework; path = System/Library/Frameworks/Foundation.framework; sourceTree = SDKROOT; };
		724E78041EF14CE700271C2F /* JavaScriptCore.framework */ = {isa = PBXFileReference; lastKnownFileType = wrapper.framework; name = JavaScriptCore.framework; path = System/Library/Frameworks/JavaScriptCore.framework; sourceTree = SDKROOT; };
		724E78061EF14CEE00271C2F /* Security.framework */ = {isa = PBXFileReference; lastKnownFileType = wrapper.framework; name = Security.framework; path = System/Library/Frameworks/Security.framework; sourceTree = SDKROOT; };
		724E78081EF14CF600271C2F /* SystemConfiguration.framework */ = {isa = PBXFileReference; lastKnownFileType = wrapper.framework; name = SystemConfiguration.framework; path = System/Library/Frameworks/SystemConfiguration.framework; sourceTree = SDKROOT; };
		724E780A1EF14CFC00271C2F /* UIKit.framework */ = {isa = PBXFileReference; lastKnownFileType = wrapper.framework; name = UIKit.framework; path = System/Library/Frameworks/UIKit.framework; sourceTree = SDKROOT; };
		724E780C1EF14D0300271C2F /* WebKit.framework */ = {isa = PBXFileReference; lastKnownFileType = wrapper.framework; name = WebKit.framework; path = System/Library/Frameworks/WebKit.framework; sourceTree = SDKROOT; };
		B502719F2641E563009FD7F4 /* ExampleNotificationContentExtension.appex */ = {isa = PBXFileReference; explicitFileType = "wrapper.app-extension"; includeInIndex = 0; path = ExampleNotificationContentExtension.appex; sourceTree = BUILT_PRODUCTS_DIR; };
		B50271A32641E564009FD7F4 /* NotificationViewController.swift */ = {isa = PBXFileReference; lastKnownFileType = sourcecode.swift; path = NotificationViewController.swift; sourceTree = "<group>"; };
		B50271A62641E564009FD7F4 /* Base */ = {isa = PBXFileReference; lastKnownFileType = file.storyboard; name = Base; path = Base.lproj/MainInterface.storyboard; sourceTree = "<group>"; };
		B50271A82641E564009FD7F4 /* Info.plist */ = {isa = PBXFileReference; lastKnownFileType = text.plist.xml; path = Info.plist; sourceTree = "<group>"; };
		B50271B6265446BF009FD7F4 /* UserWiseSDK.xcframework */ = {isa = PBXFileReference; lastKnownFileType = wrapper.xcframework; path = UserWiseSDK.xcframework; sourceTree = "<group>"; };
		B5ACD65A26265164006ED502 /* GoogleService-Info.plist */ = {isa = PBXFileReference; fileEncoding = 4; lastKnownFileType = text.plist.xml; path = "GoogleService-Info.plist"; sourceTree = "<group>"; };
		B5ACD65C2626516D006ED502 /* Firebase.h */ = {isa = PBXFileReference; fileEncoding = 4; lastKnownFileType = sourcecode.c.h; path = Firebase.h; sourceTree = "<group>"; };
		B5ACD65D26265175006ED502 /* module.modulemap */ = {isa = PBXFileReference; fileEncoding = 4; lastKnownFileType = "sourcecode.module-map"; path = module.modulemap; sourceTree = "<group>"; };
		B5EEBB2526275C9B003666CF /* UserNotifications.framework */ = {isa = PBXFileReference; lastKnownFileType = wrapper.framework; name = UserNotifications.framework; path = System/Library/Frameworks/UserNotifications.framework; sourceTree = SDKROOT; };
		B5EEBBB3262F7254003666CF /* UserNotificationsUI.framework */ = {isa = PBXFileReference; lastKnownFileType = wrapper.framework; name = UserNotificationsUI.framework; path = System/Library/Frameworks/UserNotificationsUI.framework; sourceTree = SDKROOT; };
		B5EEBBC9262F7A9A003666CF /* ExampleNotificationServiceExtension.appex */ = {isa = PBXFileReference; explicitFileType = "wrapper.app-extension"; includeInIndex = 0; path = ExampleNotificationServiceExtension.appex; sourceTree = BUILT_PRODUCTS_DIR; };
		B5EEBBCB262F7A9A003666CF /* NotificationService.swift */ = {isa = PBXFileReference; lastKnownFileType = sourcecode.swift; path = NotificationService.swift; sourceTree = "<group>"; };
		B5EEBBCD262F7A9A003666CF /* Info.plist */ = {isa = PBXFileReference; lastKnownFileType = text.plist.xml; path = Info.plist; sourceTree = "<group>"; };
		B5EEBBD6262F7D91003666CF /* sample.jpg */ = {isa = PBXFileReference; lastKnownFileType = image.jpeg; path = sample.jpg; sourceTree = "<group>"; };
/* End PBXFileReference section */

/* Begin PBXFrameworksBuildPhase section */
		724E77DE1EF14C6500271C2F /* Frameworks */ = {
			isa = PBXFrameworksBuildPhase;
			buildActionMask = 2147483647;
			files = (
				724E780D1EF14D0300271C2F /* WebKit.framework in Frameworks */,
				724E780B1EF14CFC00271C2F /* UIKit.framework in Frameworks */,
				724E78091EF14CF600271C2F /* SystemConfiguration.framework in Frameworks */,
				724E78071EF14CEE00271C2F /* Security.framework in Frameworks */,
				B5EEBB2626275C9B003666CF /* UserNotifications.framework in Frameworks */,
				724E78051EF14CE800271C2F /* JavaScriptCore.framework in Frameworks */,
				B50271BA265446CE009FD7F4 /* UserWiseSDK.xcframework in Frameworks */,
				724E78031EF14CDE00271C2F /* Foundation.framework in Frameworks */,
				7239634F20273F7300702509 /* ExternalAccessory.framework in Frameworks */,
				724E78011EF14CD700271C2F /* CoreTelephony.framework in Frameworks */,
				724E77FF1EF14CCE00271C2F /* AdSupport.framework in Frameworks */,
			);
			runOnlyForDeploymentPostprocessing = 0;
		};
		B502719C2641E563009FD7F4 /* Frameworks */ = {
			isa = PBXFrameworksBuildPhase;
			buildActionMask = 2147483647;
			files = (
				B50271A12641E563009FD7F4 /* UserNotificationsUI.framework in Frameworks */,
				B50271A02641E563009FD7F4 /* UserNotifications.framework in Frameworks */,
				B50271B9265446BF009FD7F4 /* UserWiseSDK.xcframework in Frameworks */,
			);
			runOnlyForDeploymentPostprocessing = 0;
		};
		B5EEBBC6262F7A9A003666CF /* Frameworks */ = {
			isa = PBXFrameworksBuildPhase;
			buildActionMask = 2147483647;
			files = (
				B50271B8265446BF009FD7F4 /* UserWiseSDK.xcframework in Frameworks */,
			);
			runOnlyForDeploymentPostprocessing = 0;
		};
/* End PBXFrameworksBuildPhase section */

/* Begin PBXGroup section */
		182314F525C2061800B40D15 /* Media */ = {
			isa = PBXGroup;
			children = (
				182314F625C2062600B40D15 /* FileHandler.m */,
				182314F825C2063000B40D15 /* FileHandler.h */,
			);
			name = Media;
			sourceTree = "<group>";
		};
		187D8E82246B3D1A001F0B10 /* SurveyOffer */ = {
			isa = PBXGroup;
			children = (
				187D8E7F246B3A34001F0B10 /* SurveyOfferViewController.h */,
				187D8E80246B3A34001F0B10 /* SurveyOfferViewController.m */,
				187D8E7A246B3123001F0B10 /* SurveyOfferView.xib */,
			);
			name = SurveyOffer;
			sourceTree = "<group>";
		};
		1893649E2562DD5A00044B82 /* Surveys */ = {
			isa = PBXGroup;
			children = (
				187D8E82246B3D1A001F0B10 /* SurveyOffer */,
				189364A02562DE0D00044B82 /* ExampleSurveyDelegate.h */,
				189364A12562DF2D00044B82 /* ExampleSurveyDelegate.m */,
			);
			name = Surveys;
			sourceTree = "<group>";
		};
		1893649F2562DD9700044B82 /* Utils */ = {
			isa = PBXGroup;
			children = (
				180F0B3B240DD1C400585676 /* UIView+Toast.h */,
				180F0B3C240DD1E600585676 /* UIView+Toast.m */,
			);
			name = Utils;
			sourceTree = "<group>";
		};
		189364A32562E2D200044B82 /* Offers */ = {
			isa = PBXGroup;
			children = (
				189364A62562E2F100044B82 /* ExampleOfferDelegate.h */,
				189364A42562E2E200044B82 /* ExampleOfferDelegate.m */,
			);
			name = Offers;
			sourceTree = "<group>";
		};
		18F2FEFA25CC6102005F456C /* Messages */ = {
			isa = PBXGroup;
			children = (
				18F2FEFB25CC6114005F456C /* ExampleMessageDelegate.h */,
				18F2FEFC25CC6114005F456C /* ExampleMessageDelegate.m */,
			);
			name = Messages;
			sourceTree = "<group>";
		};
		724E77D81EF14C6500271C2F = {
			isa = PBXGroup;
			children = (
				724E77E31EF14C6500271C2F /* UserWiseiOSExampleApp */,
				B5EEBBCA262F7A9A003666CF /* ExampleNotificationServiceExtension */,
				B50271A22641E564009FD7F4 /* ExampleNotificationContentExtension */,
				724E77E21EF14C6500271C2F /* Products */,
				724E77FD1EF14CCD00271C2F /* Frameworks */,
			);
			sourceTree = "<group>";
		};
		724E77E21EF14C6500271C2F /* Products */ = {
			isa = PBXGroup;
			children = (
				724E77E11EF14C6500271C2F /* UserWise Demo App.app */,
				B5EEBBC9262F7A9A003666CF /* ExampleNotificationServiceExtension.appex */,
				B502719F2641E563009FD7F4 /* ExampleNotificationContentExtension.appex */,
			);
			name = Products;
			sourceTree = "<group>";
		};
		724E77E31EF14C6500271C2F /* UserWiseiOSExampleApp */ = {
			isa = PBXGroup;
			children = (
				18F2FEFA25CC6102005F456C /* Messages */,
				182314F525C2061800B40D15 /* Media */,
				189364A32562E2D200044B82 /* Offers */,
				1893649F2562DD9700044B82 /* Utils */,
				1893649E2562DD5A00044B82 /* Surveys */,
				7239635020273F7300702509 /* UserWiseiOSExampleApp.entitlements */,
				724E77E71EF14C6500271C2F /* AppDelegate.h */,
				724E77E81EF14C6500271C2F /* AppDelegate.m */,
				724E77EA1EF14C6500271C2F /* ViewController.h */,
				724E77EB1EF14C6500271C2F /* ViewController.m */,
				724E77ED1EF14C6500271C2F /* Main.storyboard */,
				724E77F21EF14C6500271C2F /* LaunchScreen.storyboard */,
				724E77F51EF14C6500271C2F /* Info.plist */,
				724E77E41EF14C6500271C2F /* Supporting Files */,
				724E77F01EF14C6500271C2F /* Assets.xcassets */,
				B5ACD65A26265164006ED502 /* GoogleService-Info.plist */,
				B5ACD65C2626516D006ED502 /* Firebase.h */,
				B5ACD65D26265175006ED502 /* module.modulemap */,
				B5EEBBD6262F7D91003666CF /* sample.jpg */,
			);
			path = UserWiseiOSExampleApp;
			sourceTree = "<group>";
		};
		724E77E41EF14C6500271C2F /* Supporting Files */ = {
			isa = PBXGroup;
			children = (
				724E77E51EF14C6500271C2F /* main.m */,
			);
			name = "Supporting Files";
			sourceTree = "<group>";
		};
		724E77FD1EF14CCD00271C2F /* Frameworks */ = {
			isa = PBXGroup;
			children = (
				B5EEBB2526275C9B003666CF /* UserNotifications.framework */,
				B50271B6265446BF009FD7F4 /* UserWiseSDK.xcframework */,
				18809DB724C0A22D00798FA2 /* AppTrackingTransparency.framework */,
				7239634E20273F7300702509 /* ExternalAccessory.framework */,
				724E780C1EF14D0300271C2F /* WebKit.framework */,
				724E780A1EF14CFC00271C2F /* UIKit.framework */,
				724E78081EF14CF600271C2F /* SystemConfiguration.framework */,
				724E78061EF14CEE00271C2F /* Security.framework */,
				724E78041EF14CE700271C2F /* JavaScriptCore.framework */,
				724E78021EF14CDE00271C2F /* Foundation.framework */,
				724E78001EF14CD700271C2F /* CoreTelephony.framework */,
				724E77FE1EF14CCE00271C2F /* AdSupport.framework */,
				B5EEBBB3262F7254003666CF /* UserNotificationsUI.framework */,
			);
			name = Frameworks;
			sourceTree = "<group>";
		};
		B50271A22641E564009FD7F4 /* ExampleNotificationContentExtension */ = {
			isa = PBXGroup;
			children = (
				B50271A32641E564009FD7F4 /* NotificationViewController.swift */,
				B50271A52641E564009FD7F4 /* MainInterface.storyboard */,
				B50271A82641E564009FD7F4 /* Info.plist */,
			);
			path = ExampleNotificationContentExtension;
			sourceTree = "<group>";
		};
		B5EEBBCA262F7A9A003666CF /* ExampleNotificationServiceExtension */ = {
			isa = PBXGroup;
			children = (
				B5EEBBCB262F7A9A003666CF /* NotificationService.swift */,
				B5EEBBCD262F7A9A003666CF /* Info.plist */,
			);
			path = ExampleNotificationServiceExtension;
			sourceTree = "<group>";
		};
/* End PBXGroup section */

/* Begin PBXNativeTarget section */
		724E77E01EF14C6500271C2F /* UserWiseDemoAppTest */ = {
			isa = PBXNativeTarget;
			buildConfigurationList = 724E77F81EF14C6500271C2F /* Build configuration list for PBXNativeTarget "UserWiseDemoAppTest" */;
			buildPhases = (
				724E77DD1EF14C6500271C2F /* Sources */,
				724E77DE1EF14C6500271C2F /* Frameworks */,
				724E77DF1EF14C6500271C2F /* Resources */,
				18B8F29825BF63A1009DE6B3 /* Embed Frameworks */,
				B5EEBBC2262F7254003666CF /* Embed App Extensions */,
			);
			buildRules = (
			);
			dependencies = (
				B5EEBBCF262F7A9A003666CF /* PBXTargetDependency */,
				B50271AA2641E564009FD7F4 /* PBXTargetDependency */,
			);
			name = UserWiseDemoAppTest;
			productName = TheoremReachiOSExampleApp;
			productReference = 724E77E11EF14C6500271C2F /* UserWise Demo App.app */;
			productType = "com.apple.product-type.application";
		};
		B502719E2641E563009FD7F4 /* ExampleNotificationContentExtension */ = {
			isa = PBXNativeTarget;
			buildConfigurationList = B50271AC2641E564009FD7F4 /* Build configuration list for PBXNativeTarget "ExampleNotificationContentExtension" */;
			buildPhases = (
				B502719B2641E563009FD7F4 /* Sources */,
				B502719C2641E563009FD7F4 /* Frameworks */,
				B502719D2641E563009FD7F4 /* Resources */,
			);
			buildRules = (
			);
			dependencies = (
			);
			name = ExampleNotificationContentExtension;
			productName = ExampleNotificationContentExtension;
			productReference = B502719F2641E563009FD7F4 /* ExampleNotificationContentExtension.appex */;
			productType = "com.apple.product-type.app-extension";
		};
		B5EEBBC8262F7A9A003666CF /* ExampleNotificationServiceExtension */ = {
			isa = PBXNativeTarget;
			buildConfigurationList = B5EEBBD1262F7A9A003666CF /* Build configuration list for PBXNativeTarget "ExampleNotificationServiceExtension" */;
			buildPhases = (
				B5EEBBC5262F7A9A003666CF /* Sources */,
				B5EEBBC6262F7A9A003666CF /* Frameworks */,
				B5EEBBC7262F7A9A003666CF /* Resources */,
			);
			buildRules = (
			);
			dependencies = (
			);
			name = ExampleNotificationServiceExtension;
			productName = ExampleNotificationServiceExtension;
			productReference = B5EEBBC9262F7A9A003666CF /* ExampleNotificationServiceExtension.appex */;
			productType = "com.apple.product-type.app-extension";
		};
/* End PBXNativeTarget section */

/* Begin PBXProject section */
		724E77D91EF14C6500271C2F /* Project object */ = {
			isa = PBXProject;
			attributes = {
				LastSwiftUpdateCheck = 1250;
				LastUpgradeCheck = 1200;
				ORGANIZATIONNAME = theoremreach;
				TargetAttributes = {
					724E77E01EF14C6500271C2F = {
						CreatedOnToolsVersion = 8.3.2;
						DevelopmentTeam = L9K4V5WRGL;
						ProvisioningStyle = Automatic;
						SystemCapabilities = {
							com.apple.WAC = {
								enabled = 1;
							};
						};
					};
					B502719E2641E563009FD7F4 = {
						CreatedOnToolsVersion = 12.5;
					};
					B5EEBBC8262F7A9A003666CF = {
						CreatedOnToolsVersion = 12.4;
					};
				};
			};
			buildConfigurationList = 724E77DC1EF14C6500271C2F /* Build configuration list for PBXProject "UserWiseiOSExampleApp" */;
			compatibilityVersion = "Xcode 3.2";
			developmentRegion = en;
			hasScannedForEncodings = 0;
			knownRegions = (
				en,
				Base,
			);
			mainGroup = 724E77D81EF14C6500271C2F;
			productRefGroup = 724E77E21EF14C6500271C2F /* Products */;
			projectDirPath = "";
			projectRoot = "";
			targets = (
				724E77E01EF14C6500271C2F /* UserWiseDemoAppTest */,
				B5EEBBC8262F7A9A003666CF /* ExampleNotificationServiceExtension */,
				B502719E2641E563009FD7F4 /* ExampleNotificationContentExtension */,
			);
		};
/* End PBXProject section */

/* Begin PBXResourcesBuildPhase section */
		724E77DF1EF14C6500271C2F /* Resources */ = {
			isa = PBXResourcesBuildPhase;
			buildActionMask = 2147483647;
			files = (
				187D8E7B246B3123001F0B10 /* SurveyOfferView.xib in Resources */,
				B5EEBBD7262F7D91003666CF /* sample.jpg in Resources */,
				724E77F41EF14C6500271C2F /* LaunchScreen.storyboard in Resources */,
				B5ACD65B26265164006ED502 /* GoogleService-Info.plist in Resources */,
				724E77F11EF14C6500271C2F /* Assets.xcassets in Resources */,
				724E77EF1EF14C6500271C2F /* Main.storyboard in Resources */,
			);
			runOnlyForDeploymentPostprocessing = 0;
		};
		B502719D2641E563009FD7F4 /* Resources */ = {
			isa = PBXResourcesBuildPhase;
			buildActionMask = 2147483647;
			files = (
				B50271A72641E564009FD7F4 /* MainInterface.storyboard in Resources */,
			);
			runOnlyForDeploymentPostprocessing = 0;
		};
		B5EEBBC7262F7A9A003666CF /* Resources */ = {
			isa = PBXResourcesBuildPhase;
			buildActionMask = 2147483647;
			files = (
				B5EEBBDF262F7DCD003666CF /* Assets.xcassets in Resources */,
				B5EEBBD9262F7D91003666CF /* sample.jpg in Resources */,
			);
			runOnlyForDeploymentPostprocessing = 0;
		};
/* End PBXResourcesBuildPhase section */

/* Begin PBXSourcesBuildPhase section */
		724E77DD1EF14C6500271C2F /* Sources */ = {
			isa = PBXSourcesBuildPhase;
			buildActionMask = 2147483647;
			files = (
				18F2FEFD25CC6114005F456C /* ExampleMessageDelegate.m in Sources */,
				180F0B3D240DD1E600585676 /* UIView+Toast.m in Sources */,
				724E77EC1EF14C6500271C2F /* ViewController.m in Sources */,
				724E77E91EF14C6500271C2F /* AppDelegate.m in Sources */,
				189364A22562DF2D00044B82 /* ExampleSurveyDelegate.m in Sources */,
				187D8E81246B3A34001F0B10 /* SurveyOfferViewController.m in Sources */,
				724E77E61EF14C6500271C2F /* main.m in Sources */,
				182314F725C2062600B40D15 /* FileHandler.m in Sources */,
				189364A52562E2E200044B82 /* ExampleOfferDelegate.m in Sources */,
			);
			runOnlyForDeploymentPostprocessing = 0;
		};
		B502719B2641E563009FD7F4 /* Sources */ = {
			isa = PBXSourcesBuildPhase;
			buildActionMask = 2147483647;
			files = (
				B50271A42641E564009FD7F4 /* NotificationViewController.swift in Sources */,
			);
			runOnlyForDeploymentPostprocessing = 0;
		};
		B5EEBBC5262F7A9A003666CF /* Sources */ = {
			isa = PBXSourcesBuildPhase;
			buildActionMask = 2147483647;
			files = (
				B5EEBBCC262F7A9A003666CF /* NotificationService.swift in Sources */,
			);
			runOnlyForDeploymentPostprocessing = 0;
		};
/* End PBXSourcesBuildPhase section */

/* Begin PBXTargetDependency section */
		B50271AA2641E564009FD7F4 /* PBXTargetDependency */ = {
			isa = PBXTargetDependency;
			target = B502719E2641E563009FD7F4 /* ExampleNotificationContentExtension */;
			targetProxy = B50271A92641E564009FD7F4 /* PBXContainerItemProxy */;
		};
		B5EEBBCF262F7A9A003666CF /* PBXTargetDependency */ = {
			isa = PBXTargetDependency;
			target = B5EEBBC8262F7A9A003666CF /* ExampleNotificationServiceExtension */;
			targetProxy = B5EEBBCE262F7A9A003666CF /* PBXContainerItemProxy */;
		};
/* End PBXTargetDependency section */

/* Begin PBXVariantGroup section */
		724E77ED1EF14C6500271C2F /* Main.storyboard */ = {
			isa = PBXVariantGroup;
			children = (
				724E77EE1EF14C6500271C2F /* Base */,
			);
			name = Main.storyboard;
			sourceTree = "<group>";
		};
		724E77F21EF14C6500271C2F /* LaunchScreen.storyboard */ = {
			isa = PBXVariantGroup;
			children = (
				724E77F31EF14C6500271C2F /* Base */,
			);
			name = LaunchScreen.storyboard;
			sourceTree = "<group>";
		};
		B50271A52641E564009FD7F4 /* MainInterface.storyboard */ = {
			isa = PBXVariantGroup;
			children = (
				B50271A62641E564009FD7F4 /* Base */,
			);
			name = MainInterface.storyboard;
			sourceTree = "<group>";
		};
/* End PBXVariantGroup section */

/* Begin XCBuildConfiguration section */
		724E77F61EF14C6500271C2F /* Debug */ = {
			isa = XCBuildConfiguration;
			buildSettings = {
				ALWAYS_SEARCH_USER_PATHS = NO;
				CLANG_ANALYZER_LOCALIZABILITY_NONLOCALIZED = YES;
				CLANG_ANALYZER_NONNULL = YES;
				CLANG_ANALYZER_NUMBER_OBJECT_CONVERSION = YES_AGGRESSIVE;
				CLANG_CXX_LANGUAGE_STANDARD = "gnu++0x";
				CLANG_CXX_LIBRARY = "libc++";
				CLANG_ENABLE_MODULES = YES;
				CLANG_ENABLE_OBJC_ARC = YES;
				CLANG_WARN_BLOCK_CAPTURE_AUTORELEASING = YES;
				CLANG_WARN_BOOL_CONVERSION = YES;
				CLANG_WARN_COMMA = YES;
				CLANG_WARN_CONSTANT_CONVERSION = YES;
				CLANG_WARN_DEPRECATED_OBJC_IMPLEMENTATIONS = YES;
				CLANG_WARN_DIRECT_OBJC_ISA_USAGE = YES_ERROR;
				CLANG_WARN_DOCUMENTATION_COMMENTS = YES;
				CLANG_WARN_EMPTY_BODY = YES;
				CLANG_WARN_ENUM_CONVERSION = YES;
				CLANG_WARN_INFINITE_RECURSION = YES;
				CLANG_WARN_INT_CONVERSION = YES;
				CLANG_WARN_NON_LITERAL_NULL_CONVERSION = YES;
				CLANG_WARN_OBJC_IMPLICIT_RETAIN_SELF = YES;
				CLANG_WARN_OBJC_LITERAL_CONVERSION = YES;
				CLANG_WARN_OBJC_ROOT_CLASS = YES_ERROR;
				CLANG_WARN_QUOTED_INCLUDE_IN_FRAMEWORK_HEADER = YES;
				CLANG_WARN_RANGE_LOOP_ANALYSIS = YES;
				CLANG_WARN_STRICT_PROTOTYPES = YES;
				CLANG_WARN_SUSPICIOUS_MOVE = YES;
				CLANG_WARN_UNREACHABLE_CODE = YES;
				CLANG_WARN__DUPLICATE_METHOD_MATCH = YES;
				"CODE_SIGN_IDENTITY[sdk=iphoneos*]" = "iPhone Developer";
				COPY_PHASE_STRIP = NO;
				DEBUG_INFORMATION_FORMAT = dwarf;
				ENABLE_STRICT_OBJC_MSGSEND = YES;
				ENABLE_TESTABILITY = YES;
				GCC_C_LANGUAGE_STANDARD = gnu99;
				GCC_DYNAMIC_NO_PIC = NO;
				GCC_NO_COMMON_BLOCKS = YES;
				GCC_OPTIMIZATION_LEVEL = 0;
				GCC_PREPROCESSOR_DEFINITIONS = (
					"DEBUG=1",
					"$(inherited)",
				);
				GCC_WARN_64_TO_32_BIT_CONVERSION = YES;
				GCC_WARN_ABOUT_RETURN_TYPE = YES_ERROR;
				GCC_WARN_UNDECLARED_SELECTOR = YES;
				GCC_WARN_UNINITIALIZED_AUTOS = YES_AGGRESSIVE;
				GCC_WARN_UNUSED_FUNCTION = YES;
				GCC_WARN_UNUSED_VARIABLE = YES;
				IPHONEOS_DEPLOYMENT_TARGET = 12.0;
				MTL_ENABLE_DEBUG_INFO = YES;
				ONLY_ACTIVE_ARCH = YES;
				SDKROOT = iphoneos;
				TARGETED_DEVICE_FAMILY = "1,2";
			};
			name = Debug;
		};
		724E77F71EF14C6500271C2F /* Release */ = {
			isa = XCBuildConfiguration;
			buildSettings = {
				ALWAYS_SEARCH_USER_PATHS = NO;
				CLANG_ANALYZER_LOCALIZABILITY_NONLOCALIZED = YES;
				CLANG_ANALYZER_NONNULL = YES;
				CLANG_ANALYZER_NUMBER_OBJECT_CONVERSION = YES_AGGRESSIVE;
				CLANG_CXX_LANGUAGE_STANDARD = "gnu++0x";
				CLANG_CXX_LIBRARY = "libc++";
				CLANG_ENABLE_MODULES = YES;
				CLANG_ENABLE_OBJC_ARC = YES;
				CLANG_WARN_BLOCK_CAPTURE_AUTORELEASING = YES;
				CLANG_WARN_BOOL_CONVERSION = YES;
				CLANG_WARN_COMMA = YES;
				CLANG_WARN_CONSTANT_CONVERSION = YES;
				CLANG_WARN_DEPRECATED_OBJC_IMPLEMENTATIONS = YES;
				CLANG_WARN_DIRECT_OBJC_ISA_USAGE = YES_ERROR;
				CLANG_WARN_DOCUMENTATION_COMMENTS = YES;
				CLANG_WARN_EMPTY_BODY = YES;
				CLANG_WARN_ENUM_CONVERSION = YES;
				CLANG_WARN_INFINITE_RECURSION = YES;
				CLANG_WARN_INT_CONVERSION = YES;
				CLANG_WARN_NON_LITERAL_NULL_CONVERSION = YES;
				CLANG_WARN_OBJC_IMPLICIT_RETAIN_SELF = YES;
				CLANG_WARN_OBJC_LITERAL_CONVERSION = YES;
				CLANG_WARN_OBJC_ROOT_CLASS = YES_ERROR;
				CLANG_WARN_QUOTED_INCLUDE_IN_FRAMEWORK_HEADER = YES;
				CLANG_WARN_RANGE_LOOP_ANALYSIS = YES;
				CLANG_WARN_STRICT_PROTOTYPES = YES;
				CLANG_WARN_SUSPICIOUS_MOVE = YES;
				CLANG_WARN_UNREACHABLE_CODE = YES;
				CLANG_WARN__DUPLICATE_METHOD_MATCH = YES;
				"CODE_SIGN_IDENTITY[sdk=iphoneos*]" = "iPhone Developer";
				COPY_PHASE_STRIP = NO;
				DEBUG_INFORMATION_FORMAT = "dwarf-with-dsym";
				ENABLE_NS_ASSERTIONS = NO;
				ENABLE_STRICT_OBJC_MSGSEND = YES;
				GCC_C_LANGUAGE_STANDARD = gnu99;
				GCC_NO_COMMON_BLOCKS = YES;
				GCC_WARN_64_TO_32_BIT_CONVERSION = YES;
				GCC_WARN_ABOUT_RETURN_TYPE = YES_ERROR;
				GCC_WARN_UNDECLARED_SELECTOR = YES;
				GCC_WARN_UNINITIALIZED_AUTOS = YES_AGGRESSIVE;
				GCC_WARN_UNUSED_FUNCTION = YES;
				GCC_WARN_UNUSED_VARIABLE = YES;
				IPHONEOS_DEPLOYMENT_TARGET = 12.0;
				MTL_ENABLE_DEBUG_INFO = NO;
				SDKROOT = iphoneos;
				TARGETED_DEVICE_FAMILY = "1,2";
				VALIDATE_PRODUCT = YES;
			};
			name = Release;
		};
		724E77F91EF14C6500271C2F /* Debug */ = {
			isa = XCBuildConfiguration;
			buildSettings = {
				ALWAYS_EMBED_SWIFT_STANDARD_LIBRARIES = YES;
				ASSETCATALOG_COMPILER_APPICON_NAME = AppIcon;
				CODE_SIGN_ENTITLEMENTS = UserWiseiOSExampleApp/UserWiseiOSExampleApp.entitlements;
				DEVELOPMENT_TEAM = L9K4V5WRGL;
				ENABLE_BITCODE = YES;
				FRAMEWORK_SEARCH_PATHS = (
					"$(inherited)",
					"$(PROJECT_DIR)",
				);
				INFOPLIST_FILE = UserWiseiOSExampleApp/Info.plist;
				IPHONEOS_DEPLOYMENT_TARGET = 12.0;
				LD_RUNPATH_SEARCH_PATHS = (
					"$(inherited)",
					"@executable_path/Frameworks",
				);
				ONLY_ACTIVE_ARCH = YES;
				OTHER_LDFLAGS = (
					"$(inherited)",
					"-ObjC",
				);
				PRODUCT_BUNDLE_IDENTIFIER = io.userwise.UserWiseDemoApp;
				PRODUCT_NAME = "UserWise Demo App";
				USER_HEADER_SEARCH_PATHS = "$(SRCROOT)";
			};
			name = Debug;
		};
		724E77FA1EF14C6500271C2F /* Release */ = {
			isa = XCBuildConfiguration;
			buildSettings = {
				ALWAYS_EMBED_SWIFT_STANDARD_LIBRARIES = YES;
				ASSETCATALOG_COMPILER_APPICON_NAME = AppIcon;
				CODE_SIGN_ENTITLEMENTS = UserWiseiOSExampleApp/UserWiseiOSExampleApp.entitlements;
				DEVELOPMENT_TEAM = L9K4V5WRGL;
				ENABLE_BITCODE = YES;
				FRAMEWORK_SEARCH_PATHS = (
					"$(inherited)",
					"$(PROJECT_DIR)",
				);
				INFOPLIST_FILE = UserWiseiOSExampleApp/Info.plist;
				IPHONEOS_DEPLOYMENT_TARGET = 12.0;
				LD_RUNPATH_SEARCH_PATHS = (
					"$(inherited)",
					"@executable_path/Frameworks",
				);
				ONLY_ACTIVE_ARCH = NO;
				OTHER_LDFLAGS = (
					"$(inherited)",
					"-ObjC",
				);
				PRODUCT_BUNDLE_IDENTIFIER = io.userwise.UserWiseDemoApp;
				PRODUCT_NAME = "UserWise Demo App";
				USER_HEADER_SEARCH_PATHS = "$(SRCROOT)";
			};
			name = Release;
		};
		B50271AD2641E564009FD7F4 /* Debug */ = {
			isa = XCBuildConfiguration;
			buildSettings = {
				CLANG_CXX_LANGUAGE_STANDARD = "gnu++14";
				CLANG_ENABLE_OBJC_WEAK = YES;
				CLANG_WARN_UNGUARDED_AVAILABILITY = YES_AGGRESSIVE;
				CODE_SIGN_STYLE = Automatic;
				DEVELOPMENT_TEAM = L9K4V5WRGL;
				GCC_C_LANGUAGE_STANDARD = gnu11;
				INFOPLIST_FILE = ExampleNotificationContentExtension/Info.plist;
				IPHONEOS_DEPLOYMENT_TARGET = 14.5;
				LD_RUNPATH_SEARCH_PATHS = (
					"$(inherited)",
					"@executable_path/Frameworks",
					"@executable_path/../../Frameworks",
				);
				MTL_ENABLE_DEBUG_INFO = INCLUDE_SOURCE;
				MTL_FAST_MATH = YES;
				PRODUCT_BUNDLE_IDENTIFIER = io.userwise.UserWiseDemoApp.ExampleNotificationContentExtension;
				PRODUCT_NAME = "$(TARGET_NAME)";
				SKIP_INSTALL = YES;
				SWIFT_ACTIVE_COMPILATION_CONDITIONS = DEBUG;
				SWIFT_OPTIMIZATION_LEVEL = "-Onone";
				SWIFT_VERSION = 5.0;
				TARGETED_DEVICE_FAMILY = "1,2";
			};
			name = Debug;
		};
		B50271AE2641E564009FD7F4 /* Release */ = {
			isa = XCBuildConfiguration;
			buildSettings = {
				CLANG_CXX_LANGUAGE_STANDARD = "gnu++14";
				CLANG_ENABLE_OBJC_WEAK = YES;
				CLANG_WARN_UNGUARDED_AVAILABILITY = YES_AGGRESSIVE;
				CODE_SIGN_STYLE = Automatic;
				DEVELOPMENT_TEAM = L9K4V5WRGL;
				GCC_C_LANGUAGE_STANDARD = gnu11;
				INFOPLIST_FILE = ExampleNotificationContentExtension/Info.plist;
				IPHONEOS_DEPLOYMENT_TARGET = 14.5;
				LD_RUNPATH_SEARCH_PATHS = (
					"$(inherited)",
					"@executable_path/Frameworks",
					"@executable_path/../../Frameworks",
				);
				MTL_FAST_MATH = YES;
				PRODUCT_BUNDLE_IDENTIFIER = io.userwise.UserWiseDemoApp.ExampleNotificationContentExtension;
				PRODUCT_NAME = "$(TARGET_NAME)";
				SKIP_INSTALL = YES;
				SWIFT_COMPILATION_MODE = wholemodule;
				SWIFT_OPTIMIZATION_LEVEL = "-O";
				SWIFT_VERSION = 5.0;
				TARGETED_DEVICE_FAMILY = "1,2";
			};
			name = Release;
		};
		B5EEBBD2262F7A9A003666CF /* Debug */ = {
			isa = XCBuildConfiguration;
			buildSettings = {
				CLANG_CXX_LANGUAGE_STANDARD = "gnu++14";
				CLANG_ENABLE_OBJC_WEAK = YES;
				CLANG_WARN_UNGUARDED_AVAILABILITY = YES_AGGRESSIVE;
				CODE_SIGN_STYLE = Automatic;
				DEVELOPMENT_TEAM = L9K4V5WRGL;
				GCC_C_LANGUAGE_STANDARD = gnu11;
				INFOPLIST_FILE = ExampleNotificationServiceExtension/Info.plist;
				IPHONEOS_DEPLOYMENT_TARGET = 14.4;
				LD_RUNPATH_SEARCH_PATHS = (
					"$(inherited)",
					"@executable_path/Frameworks",
					"@executable_path/../../Frameworks",
				);
				MTL_ENABLE_DEBUG_INFO = INCLUDE_SOURCE;
				MTL_FAST_MATH = YES;
				PRODUCT_BUNDLE_IDENTIFIER = io.userwise.UserWiseDemoApp.ExampleNotificationServiceExtension;
				PRODUCT_NAME = "$(TARGET_NAME)";
				SKIP_INSTALL = YES;
				SWIFT_ACTIVE_COMPILATION_CONDITIONS = DEBUG;
				SWIFT_OPTIMIZATION_LEVEL = "-Onone";
				SWIFT_VERSION = 5.0;
				TARGETED_DEVICE_FAMILY = "1,2";
			};
			name = Debug;
		};
		B5EEBBD3262F7A9A003666CF /* Release */ = {
			isa = XCBuildConfiguration;
			buildSettings = {
				CLANG_CXX_LANGUAGE_STANDARD = "gnu++14";
				CLANG_ENABLE_OBJC_WEAK = YES;
				CLANG_WARN_UNGUARDED_AVAILABILITY = YES_AGGRESSIVE;
				CODE_SIGN_STYLE = Automatic;
				DEVELOPMENT_TEAM = L9K4V5WRGL;
				GCC_C_LANGUAGE_STANDARD = gnu11;
				INFOPLIST_FILE = ExampleNotificationServiceExtension/Info.plist;
				IPHONEOS_DEPLOYMENT_TARGET = 14.4;
				LD_RUNPATH_SEARCH_PATHS = (
					"$(inherited)",
					"@executable_path/Frameworks",
					"@executable_path/../../Frameworks",
				);
				MTL_FAST_MATH = YES;
				PRODUCT_BUNDLE_IDENTIFIER = io.userwise.UserWiseDemoApp.ExampleNotificationServiceExtension;
				PRODUCT_NAME = "$(TARGET_NAME)";
				SKIP_INSTALL = YES;
				SWIFT_COMPILATION_MODE = wholemodule;
				SWIFT_OPTIMIZATION_LEVEL = "-O";
				SWIFT_VERSION = 5.0;
				TARGETED_DEVICE_FAMILY = "1,2";
			};
			name = Release;
		};
/* End XCBuildConfiguration section */

/* Begin XCConfigurationList section */
		724E77DC1EF14C6500271C2F /* Build configuration list for PBXProject "UserWiseiOSExampleApp" */ = {
			isa = XCConfigurationList;
			buildConfigurations = (
				724E77F61EF14C6500271C2F /* Debug */,
				724E77F71EF14C6500271C2F /* Release */,
			);
			defaultConfigurationIsVisible = 0;
			defaultConfigurationName = Release;
		};
		724E77F81EF14C6500271C2F /* Build configuration list for PBXNativeTarget "UserWiseDemoAppTest" */ = {
			isa = XCConfigurationList;
			buildConfigurations = (
				724E77F91EF14C6500271C2F /* Debug */,
				724E77FA1EF14C6500271C2F /* Release */,
			);
			defaultConfigurationIsVisible = 0;
			defaultConfigurationName = Release;
		};
		B50271AC2641E564009FD7F4 /* Build configuration list for PBXNativeTarget "ExampleNotificationContentExtension" */ = {
			isa = XCConfigurationList;
			buildConfigurations = (
				B50271AD2641E564009FD7F4 /* Debug */,
				B50271AE2641E564009FD7F4 /* Release */,
			);
			defaultConfigurationIsVisible = 0;
			defaultConfigurationName = Release;
		};
		B5EEBBD1262F7A9A003666CF /* Build configuration list for PBXNativeTarget "ExampleNotificationServiceExtension" */ = {
			isa = XCConfigurationList;
			buildConfigurations = (
				B5EEBBD2262F7A9A003666CF /* Debug */,
				B5EEBBD3262F7A9A003666CF /* Release */,
			);
			defaultConfigurationIsVisible = 0;
			defaultConfigurationName = Release;
		};
/* End XCConfigurationList section */
	};
	rootObject = 724E77D91EF14C6500271C2F /* Project object */;
}
